
Microsoft Visual Studio Solution File, Format Version 12.00
Project("{FAE04EC0-301F-11D3-BF4B-00C04F79EFBC}") = "API", "API.csproj", "{0BF68990-85C7-4B05-9CAA-D60489F7070A}"
EndProject
Global
	GlobalSection(SolutionConfigurationPlatforms) = preSolution
		Debug|Any CPU = Debug|Any CPU
		Release|Any CPU = Release|Any CPU
	EndGlobalSection
	GlobalSection(ProjectConfigurationPlatforms) = postSolution
		{0BF68990-85C7-4B05-9CAA-D60489F7070A}.Debug|Any CPU.ActiveCfg = Debug|Any CPU
		{0BF68990-85C7-4B05-9CAA-D60489F7070A}.Debug|Any CPU.Build.0 = Debug|Any CPU
		{0BF68990-85C7-4B05-9CAA-D60489F7070A}.Release|Any CPU.ActiveCfg = Release|Any CPU
		{0BF68990-85C7-4B05-9CAA-D60489F7070A}.Release|Any CPU.Build.0 = Release|Any CPU
	EndGlobalSection
EndGlobal
